github.com/klauspost/compress v1.19.0 h1:sXLILfc9jV2QYWkzFOPWStmcUVH2RHEB1JCdY2oVvCQ=
github.com/klauspost/compress v1.19.0/go.mod h1:cwPg85FWrGar70rWktvGQj8/hthj3wpl0PGDogxkrSQ=
lindenii.org/go/lgo v0.1.14 h1:n4+0iZKe0Ro/0OFdgjdYHPjy1kxHskyMF9miEzxRZWM=
lindenii.org/go/lgo v0.1.14/go.mod h1:/ISiIVk/j7UFbnTLni1VA8cc2TJWa/WRqJPc3BStwn8=
